
Microsoft Visual Studio Solution File, Format Version 12.00
# Visual Studio 2013
VisualStudioVersion = 12.0.21005.1
MinimumVisualStudioVersion = 10.0.40219.1
Project("{FAE04EC0-301F-11D3-BF4B-00C04F79EFBC}") = "AutoFinder.IIS", "AutoFinder.IIS\AutoFinder.IIS.csproj", "{398C3BF9-97F3-4D10-B72A-06B9D8253E1D}"
EndProject
Project("{FAE04EC0-301F-11D3-BF4B-00C04F79EFBC}") = "AutoFinder.Api", "AutoFinder.Api\AutoFinder.Api.csproj", "{026E22BC-CD93-485F-AD28-9DC82E9F10B3}"
EndProject
Global
	GlobalSection(SolutionConfigurationPlatforms) = preSolution
		Debug|Any CPU = Debug|Any CPU
		Release|Any CPU = Release|Any CPU
	EndGlobalSection
	GlobalSection(ProjectConfigurationPlatforms) = postSolution
		{398C3BF9-97F3-4D10-B72A-06B9D8253E1D}.Debug|Any CPU.ActiveCfg = Debug|Any CPU
		{398C3BF9-97F3-4D10-B72A-06B9D8253E1D}.Debug|Any CPU.Build.0 = Debug|Any CPU
		{398C3BF9-97F3-4D10-B72A-06B9D8253E1D}.Release|Any CPU.ActiveCfg = Release|Any CPU
		{398C3BF9-97F3-4D10-B72A-06B9D8253E1D}.Release|Any CPU.Build.0 = Release|Any CPU
		{026E22BC-CD93-485F-AD28-9DC82E9F10B3}.Debug|Any CPU.ActiveCfg = Debug|Any CPU
		{026E22BC-CD93-485F-AD28-9DC82E9F10B3}.Debug|Any CPU.Build.0 = Debug|Any CPU
		{026E22BC-CD93-485F-AD28-9DC82E9F10B3}.Release|Any CPU.ActiveCfg = Release|Any CPU
		{026E22BC-CD93-485F-AD28-9DC82E9F10B3}.Release|Any CPU.Build.0 = Release|Any CPU
	EndGlobalSection
	GlobalSection(SolutionProperties) = preSolution
		HideSolutionNode = FALSE
	EndGlobalSection
EndGlobal
